
Microsoft Visual Studio Solution File, Format Version 12.00
# Visual Studio Version 16
VisualStudioVersion = 16.0.30114.105
MinimumVisualStudioVersion = 10.0.40219.1
Project("{FAE04EC0-301F-11D3-BF4B-00C04F79EFBC}") = "calculadoraDias.Android", "calculadoraDias.Android\calculadoraDias.Android.csproj", "{490AF8B5-A5EE-433C-AAEE-A7763BD54DF7}"
EndProject
Project("{FAE04EC0-301F-11D3-BF4B-00C04F79EFBC}") = "calculadoraDias.iOS", "calculadoraDias.iOS\calculadoraDias.iOS.csproj", "{B933C09B-C120-468E-9B9A-DDFCC87C90D0}"
EndProject
Project("{9A19103F-16F7-4668-BE54-9A1E7A4F7556}") = "calculadoraDias", "calculadoraDias\calculadoraDias.csproj", "{99235D46-691B-4212-9244-F03D1507D79E}"
EndProject
Global
	GlobalSection(SolutionConfigurationPlatforms) = preSolution
		Debug|Any CPU = Debug|Any CPU
		Debug|iPhone = Debug|iPhone
		Debug|iPhoneSimulator = Debug|iPhoneSimulator
		DEV|Any CPU = DEV|Any CPU
		DEV|iPhone = DEV|iPhone
		DEV|iPhoneSimulator = DEV|iPhoneSimulator
		PRODUCCION|Any CPU = PRODUCCION|Any CPU
		PRODUCCION|iPhone = PRODUCCION|iPhone
		PRODUCCION|iPhoneSimulator = PRODUCCION|iPhoneSimulator
		Release|Any CPU = Release|Any CPU
		Release|iPhone = Release|iPhone
		Release|iPhoneSimulator = Release|iPhoneSimulator
	EndGlobalSection
	GlobalSection(ProjectConfigurationPlatforms) = postSolution
		{490AF8B5-A5EE-433C-AAEE-A7763BD54DF7}.Debug|Any CPU.ActiveCfg = Debug|Any CPU
		{490AF8B5-A5EE-433C-AAEE-A7763BD54DF7}.Debug|Any CPU.Build.0 = Debug|Any CPU
		{490AF8B5-A5EE-433C-AAEE-A7763BD54DF7}.Debug|Any CPU.Deploy.0 = Debug|Any CPU
		{490AF8B5-A5EE-433C-AAEE-A7763BD54DF7}.Debug|iPhone.ActiveCfg = Debug|Any CPU
		{490AF8B5-A5EE-433C-AAEE-A7763BD54DF7}.Debug|iPhone.Build.0 = Debug|Any CPU
		{490AF8B5-A5EE-433C-AAEE-A7763BD54DF7}.Debug|iPhone.Deploy.0 = Debug|Any CPU
		{490AF8B5-A5EE-433C-AAEE-A7763BD54DF7}.Debug|iPhoneSimulator.ActiveCfg = Debug|Any CPU
		{490AF8B5-A5EE-433C-AAEE-A7763BD54DF7}.Debug|iPhoneSimulator.Build.0 = Debug|Any CPU
		{490AF8B5-A5EE-433C-AAEE-A7763BD54DF7}.Debug|iPhoneSimulator.Deploy.0 = Debug|Any CPU
		{490AF8B5-A5EE-433C-AAEE-A7763BD54DF7}.DEV|Any CPU.ActiveCfg = DEV|Any CPU
		{490AF8B5-A5EE-433C-AAEE-A7763BD54DF7}.DEV|Any CPU.Build.0 = DEV|Any CPU
		{490AF8B5-A5EE-433C-AAEE-A7763BD54DF7}.DEV|Any CPU.Deploy.0 = DEV|Any CPU
		{490AF8B5-A5EE-433C-AAEE-A7763BD54DF7}.DEV|iPhone.ActiveCfg = DEV|Any CPU
		{490AF8B5-A5EE-433C-AAEE-A7763BD54DF7}.DEV|iPhone.Build.0 = DEV|Any CPU
		{490AF8B5-A5EE-433C-AAEE-A7763BD54DF7}.DEV|iPhone.Deploy.0 = DEV|Any CPU
		{490AF8B5-A5EE-433C-AAEE-A7763BD54DF7}.DEV|iPhoneSimulator.ActiveCfg = DEV|Any CPU
		{490AF8B5-A5EE-433C-AAEE-A7763BD54DF7}.DEV|iPhoneSimulator.Build.0 = DEV|Any CPU
		{490AF8B5-A5EE-433C-AAEE-A7763BD54DF7}.DEV|iPhoneSimulator.Deploy.0 = DEV|Any CPU
		{490AF8B5-A5EE-433C-AAEE-A7763BD54DF7}.PRODUCCION|Any CPU.ActiveCfg = PRODUCCION|Any CPU
		{490AF8B5-A5EE-433C-AAEE-A7763BD54DF7}.PRODUCCION|Any CPU.Build.0 = PRODUCCION|Any CPU
		{490AF8B5-A5EE-433C-AAEE-A7763BD54DF7}.PRODUCCION|Any CPU.Deploy.0 = PRODUCCION|Any CPU
		{490AF8B5-A5EE-433C-AAEE-A7763BD54DF7}.PRODUCCION|iPhone.ActiveCfg = PRODUCCION|Any CPU
		{490AF8B5-A5EE-433C-AAEE-A7763BD54DF7}.PRODUCCION|iPhone.Build.0 = PRODUCCION|Any CPU
		{490AF8B5-A5EE-433C-AAEE-A7763BD54DF7}.PRODUCCION|iPhone.Deploy.0 = PRODUCCION|Any CPU
		{490AF8B5-A5EE-433C-AAEE-A7763BD54DF7}.PRODUCCION|iPhoneSimulator.ActiveCfg = PRODUCCION|Any CPU
		{490AF8B5-A5EE-433C-AAEE-A7763BD54DF7}.PRODUCCION|iPhoneSimulator.Build.0 = PRODUCCION|Any CPU
		{490AF8B5-A5EE-433C-AAEE-A7763BD54DF7}.PRODUCCION|iPhoneSimulator.Deploy.0 = PRODUCCION|Any CPU
		{490AF8B5-A5EE-433C-AAEE-A7763BD54DF7}.Release|Any CPU.ActiveCfg = Release|Any CPU
		{490AF8B5-A5EE-433C-AAEE-A7763BD54DF7}.Release|Any CPU.Build.0 = Release|Any CPU
		{490AF8B5-A5EE-433C-AAEE-A7763BD54DF7}.Release|Any CPU.Deploy.0 = Release|Any CPU
		{490AF8B5-A5EE-433C-AAEE-A7763BD54DF7}.Release|iPhone.ActiveCfg = Release|Any CPU
		{490AF8B5-A5EE-433C-AAEE-A7763BD54DF7}.Release|iPhone.Build.0 = Release|Any CPU
		{490AF8B5-A5EE-433C-AAEE-A7763BD54DF7}.Release|iPhone.Deploy.0 = Release|Any CPU
		{490AF8B5-A5EE-433C-AAEE-A7763BD54DF7}.Release|iPhoneSimulator.ActiveCfg = Release|Any CPU
		{490AF8B5-A5EE-433C-AAEE-A7763BD54DF7}.Release|iPhoneSimulator.Build.0 = Release|Any CPU
		{490AF8B5-A5EE-433C-AAEE-A7763BD54DF7}.Release|iPhoneSimulator.Deploy.0 = Release|Any CPU
		{B933C09B-C120-468E-9B9A-DDFCC87C90D0}.Debug|Any CPU.ActiveCfg = Debug|iPhone
		{B933C09B-C120-468E-9B9A-DDFCC87C90D0}.Debug|Any CPU.Build.0 = Debug|iPhone
		{B933C09B-C120-468E-9B9A-DDFCC87C90D0}.Debug|Any CPU.Deploy.0 = Debug|iPhone
		{B933C09B-C120-468E-9B9A-DDFCC87C90D0}.Debug|iPhone.ActiveCfg = Debug|iPhone
		{B933C09B-C120-468E-9B9A-DDFCC87C90D0}.Debug|iPhone.Build.0 = Debug|iPhone
		{B933C09B-C120-468E-9B9A-DDFCC87C90D0}.Debug|iPhone.Deploy.0 = Debug|iPhone
		{B933C09B-C120-468E-9B9A-DDFCC87C90D0}.Debug|iPhoneSimulator.ActiveCfg = Debug|iPhoneSimulator
		{B933C09B-C120-468E-9B9A-DDFCC87C90D0}.Debug|iPhoneSimulator.Build.0 = Debug|iPhoneSimulator
		{B933C09B-C120-468E-9B9A-DDFCC87C90D0}.Debug|iPhoneSimulator.Deploy.0 = Debug|iPhoneSimulator
		{B933C09B-C120-468E-9B9A-DDFCC87C90D0}.DEV|Any CPU.ActiveCfg = DEV|iPhoneSimulator
		{B933C09B-C120-468E-9B9A-DDFCC87C90D0}.DEV|iPhone.ActiveCfg = DEV|iPhone
		{B933C09B-C120-468E-9B9A-DDFCC87C90D0}.DEV|iPhone.Build.0 = DEV|iPhone
		{B933C09B-C120-468E-9B9A-DDFCC87C90D0}.DEV|iPhoneSimulator.ActiveCfg = DEV|iPhoneSimulator
		{B933C09B-C120-468E-9B9A-DDFCC87C90D0}.DEV|iPhoneSimulator.Build.0 = DEV|iPhoneSimulator
		{B933C09B-C120-468E-9B9A-DDFCC87C90D0}.PRODUCCION|Any CPU.ActiveCfg = PRODUCCION|iPhoneSimulator
		{B933C09B-C120-468E-9B9A-DDFCC87C90D0}.PRODUCCION|iPhone.ActiveCfg = PRODUCCION|iPhone
		{B933C09B-C120-468E-9B9A-DDFCC87C90D0}.PRODUCCION|iPhone.Build.0 = PRODUCCION|iPhone
		{B933C09B-C120-468E-9B9A-DDFCC87C90D0}.PRODUCCION|iPhoneSimulator.ActiveCfg = PRODUCCION|iPhoneSimulator
		{B933C09B-C120-468E-9B9A-DDFCC87C90D0}.PRODUCCION|iPhoneSimulator.Build.0 = PRODUCCION|iPhoneSimulator
		{B933C09B-C120-468E-9B9A-DDFCC87C90D0}.Release|Any CPU.ActiveCfg = Release|iPhone
		{B933C09B-C120-468E-9B9A-DDFCC87C90D0}.Release|Any CPU.Build.0 = Release|iPhone
		{B933C09B-C120-468E-9B9A-DDFCC87C90D0}.Release|Any CPU.Deploy.0 = Release|iPhone
		{B933C09B-C120-468E-9B9A-DDFCC87C90D0}.Release|iPhone.ActiveCfg = Release|iPhone
		{B933C09B-C120-468E-9B9A-DDFCC87C90D0}.Release|iPhone.Build.0 = Release|iPhone
		{B933C09B-C120-468E-9B9A-DDFCC87C90D0}.Release|iPhone.Deploy.0 = Release|iPhone
		{B933C09B-C120-468E-9B9A-DDFCC87C90D0}.Release|iPhoneSimulator.ActiveCfg = Release|iPhoneSimulator
		{B933C09B-C120-468E-9B9A-DDFCC87C90D0}.Release|iPhoneSimulator.Build.0 = Release|iPhoneSimulator
		{B933C09B-C120-468E-9B9A-DDFCC87C90D0}.Release|iPhoneSimulator.Deploy.0 = Release|iPhoneSimulator
		{99235D46-691B-4212-9244-F03D1507D79E}.Debug|Any CPU.ActiveCfg = Debug|Any CPU
		{99235D46-691B-4212-9244-F03D1507D79E}.Debug|Any CPU.Build.0 = Debug|Any CPU
		{99235D46-691B-4212-9244-F03D1507D79E}.Debug|Any CPU.Deploy.0 = Debug|Any CPU
		{99235D46-691B-4212-9244-F03D1507D79E}.Debug|iPhone.ActiveCfg = Debug|Any CPU
		{99235D46-691B-4212-9244-F03D1507D79E}.Debug|iPhone.Build.0 = Debug|Any CPU
		{99235D46-691B-4212-9244-F03D1507D79E}.Debug|iPhone.Deploy.0 = Debug|Any CPU
		{99235D46-691B-4212-9244-F03D1507D79E}.Debug|iPhoneSimulator.ActiveCfg = Debug|Any CPU
		{99235D46-691B-4212-9244-F03D1507D79E}.Debug|iPhoneSimulator.Build.0 = Debug|Any CPU
		{99235D46-691B-4212-9244-F03D1507D79E}.Debug|iPhoneSimulator.Deploy.0 = Debug|Any CPU
		{99235D46-691B-4212-9244-F03D1507D79E}.DEV|Any CPU.ActiveCfg = DEV|Any CPU
		{99235D46-691B-4212-9244-F03D1507D79E}.DEV|Any CPU.Build.0 = DEV|Any CPU
		{99235D46-691B-4212-9244-F03D1507D79E}.DEV|iPhone.ActiveCfg = DEV|Any CPU
		{99235D46-691B-4212-9244-F03D1507D79E}.DEV|iPhone.Build.0 = DEV|Any CPU
		{99235D46-691B-4212-9244-F03D1507D79E}.DEV|iPhoneSimulator.ActiveCfg = DEV|Any CPU
		{99235D46-691B-4212-9244-F03D1507D79E}.DEV|iPhoneSimulator.Build.0 = DEV|Any CPU
		{99235D46-691B-4212-9244-F03D1507D79E}.PRODUCCION|Any CPU.ActiveCfg = PRODUCCION|Any CPU
		{99235D46-691B-4212-9244-F03D1507D79E}.PRODUCCION|Any CPU.Build.0 = PRODUCCION|Any CPU
		{99235D46-691B-4212-9244-F03D1507D79E}.PRODUCCION|iPhone.ActiveCfg = PRODUCCION|Any CPU
		{99235D46-691B-4212-9244-F03D1507D79E}.PRODUCCION|iPhone.Build.0 = PRODUCCION|Any CPU
		{99235D46-691B-4212-9244-F03D1507D79E}.PRODUCCION|iPhoneSimulator.ActiveCfg = PRODUCCION|Any CPU
		{99235D46-691B-4212-9244-F03D1507D79E}.PRODUCCION|iPhoneSimulator.Build.0 = PRODUCCION|Any CPU
		{99235D46-691B-4212-9244-F03D1507D79E}.Release|Any CPU.ActiveCfg = Release|Any CPU
		{99235D46-691B-4212-9244-F03D1507D79E}.Release|Any CPU.Build.0 = Release|Any CPU
		{99235D46-691B-4212-9244-F03D1507D79E}.Release|Any CPU.Deploy.0 = Release|Any CPU
		{99235D46-691B-4212-9244-F03D1507D79E}.Release|iPhone.ActiveCfg = Release|Any CPU
		{99235D46-691B-4212-9244-F03D1507D79E}.Release|iPhone.Build.0 = Release|Any CPU
		{99235D46-691B-4212-9244-F03D1507D79E}.Release|iPhone.Deploy.0 = Release|Any CPU
		{99235D46-691B-4212-9244-F03D1507D79E}.Release|iPhoneSimulator.ActiveCfg = Release|Any CPU
		{99235D46-691B-4212-9244-F03D1507D79E}.Release|iPhoneSimulator.Build.0 = Release|Any CPU
		{99235D46-691B-4212-9244-F03D1507D79E}.Release|iPhoneSimulator.Deploy.0 = Release|Any CPU
	EndGlobalSection
	GlobalSection(SolutionProperties) = preSolution
		HideSolutionNode = FALSE
	EndGlobalSection
	GlobalSection(ExtensibilityGlobals) = postSolution
		SolutionGuid = {ECA872AA-DB77-48A8-986C-8BA86AE86E03}
	EndGlobalSection
EndGlobal
